
Microsoft Visual Studio Solution File, Format Version 12.00
# Visual Studio Version 17
VisualStudioVersion = 17.5.33530.505
MinimumVisualStudioVersion = 10.0.40219.1
Project("{2150E333-8FDC-42A3-9474-1A3956D46DE8}") = "Modules", "Modules", "{313B9F4C-982E-44BB-9B14-F97E2ABC220F}"
EndProject
Project("{2150E333-8FDC-42A3-9474-1A3956D46DE8}") = "Catalog", "Catalog", "{BD324458-B7DC-471D-BB37-76994FD082D2}"
EndProject
Project("{9A19103F-16F7-4668-BE54-9A1E7A4F7556}") = "Module.Catalog", "Modules\Catalog\Module.Catalog\Module.Catalog.csproj", "{D1DC2477-5001-49EB-8FFB-5F42C04E78A4}"
EndProject
Project("{9A19103F-16F7-4668-BE54-9A1E7A4F7556}") = "Module.Catalog.Core", "Modules\Catalog\Module.Catalog.Core\Module.Catalog.Core.csproj", "{F5E805D1-9DE2-4725-9277-E685538A0F4F}"
EndProject
Project("{9A19103F-16F7-4668-BE54-9A1E7A4F7556}") = "Module.Catalog.Infrastructure", "Modules\Catalog\Module.Catalog.Infrastructure\Module.Catalog.Infrastructure.csproj", "{DD87C775-531F-4C29-A702-11EFF9F6E63A}"
EndProject
Project("{2150E333-8FDC-42A3-9474-1A3956D46DE8}") = "Host", "Host", "{85F8ECC0-3D60-4312-A07B-BC4251952F44}"
EndProject
Project("{9A19103F-16F7-4668-BE54-9A1E7A4F7556}") = "Api", "Host\Api\Api.csproj", "{8E2F7DA5-C812-4466-AFED-C4A454F5CD14}"
EndProject
Project("{2150E333-8FDC-42A3-9474-1A3956D46DE8}") = "Shared", "Shared", "{3A089807-914D-4594-87B9-ABDBE7FD7E95}"
EndProject
Project("{9A19103F-16F7-4668-BE54-9A1E7A4F7556}") = "Shared.Core", "Shared\Shared.Core\Shared.Core.csproj", "{BE3B0610-CB14-430C-8469-50CB14C17937}"
EndProject
Project("{9A19103F-16F7-4668-BE54-9A1E7A4F7556}") = "Shared.Infrastructure", "Shared\Shared.Infrastructure\Shared.Infrastructure.csproj", "{FE95F29C-59F0-429D-A245-B1FE656A8179}"
EndProject
Project("{9A19103F-16F7-4668-BE54-9A1E7A4F7556}") = "Shared.Models", "Shared\Shared.Models\Shared.Models.csproj", "{55C91B48-71E8-494E-B5E0-9D63652B6ABB}"
EndProject
Project("{2150E333-8FDC-42A3-9474-1A3956D46DE8}") = "UsefulCommands", "UsefulCommands", "{0C40E699-BEC5-4F7D-BD76-80DC8BFD25BD}"
	ProjectSection(SolutionItems) = preProject
		useful-commands.txt = useful-commands.txt
	EndProjectSection
EndProject
Project("{9A19103F-16F7-4668-BE54-9A1E7A4F7556}") = "Module.Catalog.Shared", "Modules\Catalog\Module.Catalog.Shared\Module.Catalog.Shared.csproj", "{6CFFFC3C-654E-4B2C-9261-DF7476AA336C}"
EndProject
Project("{2150E333-8FDC-42A3-9474-1A3956D46DE8}") = "Users", "Users", "{E56C57D1-D8BF-47C8-B8E6-EC2BF75EE5FB}"
EndProject
Project("{9A19103F-16F7-4668-BE54-9A1E7A4F7556}") = "Module.Users", "Modules\Users\Module.Users\Module.Users.csproj", "{8D78A2E5-5A90-4610-93E7-0AD3757CA2E5}"
EndProject
Project("{9A19103F-16F7-4668-BE54-9A1E7A4F7556}") = "Module.Users.Core", "Modules\Users\Module.Users.Core\Module.Users.Core.csproj", "{F1B4C0DF-9EE0-4EE8-A187-DB94888591F0}"
EndProject
Project("{9A19103F-16F7-4668-BE54-9A1E7A4F7556}") = "Module.Users.Infrastructure", "Modules\Users\Module.Users.Infrastructure\Module.Users.Infrastructure.csproj", "{0F234B9B-ECAC-4AE4-A69D-923DFFB3F815}"
EndProject
Project("{9A19103F-16F7-4668-BE54-9A1E7A4F7556}") = "Module.Users.Shared", "Modules\Users\Module.Users.Shared\Module.Users.Shared.csproj", "{1A68FCFD-D146-4EFB-B77A-BE868050A91F}"
EndProject
Project("{2150E333-8FDC-42A3-9474-1A3956D46DE8}") = "Employees", "Employees", "{DFF24361-DC80-4246-8466-5DB319DCFC96}"
EndProject
Project("{9A19103F-16F7-4668-BE54-9A1E7A4F7556}") = "Module.Employees", "Modules\Employees\Module.Employees\Module.Employees.csproj", "{695BD3B6-FEEF-43E0-A07E-76E75EA42C0D}"
EndProject
Project("{9A19103F-16F7-4668-BE54-9A1E7A4F7556}") = "Module.Employees.Core", "Modules\Employees\Module.Employees.Core\Module.Employees.Core.csproj", "{77440048-2D87-409C-9516-9056F1B77F55}"
EndProject
Project("{9A19103F-16F7-4668-BE54-9A1E7A4F7556}") = "Module.Employees.Infrastructure", "Modules\Employees\Module.Employees.Infrastructure\Module.Employees.Infrastructure.csproj", "{F5B829D0-2B29-47F5-A606-394BE1160EF4}"
EndProject
Project("{9A19103F-16F7-4668-BE54-9A1E7A4F7556}") = "Module.Employees.Shared", "Modules\Employees\Module.Employees.Shared\Module.Employees.Shared.csproj", "{8B1D1A5D-1B92-4021-92CD-99A27DDCAB99}"
EndProject
Project("{2150E333-8FDC-42A3-9474-1A3956D46DE8}") = "Tests", "Tests", "{8FD86D0E-8053-4ADE-90DE-8916E1BA46BE}"
EndProject
Project("{2150E333-8FDC-42A3-9474-1A3956D46DE8}") = "Catalog", "Catalog", "{38F6860F-8277-490F-8A08-2374D8EEBE30}"
EndProject
Project("{9A19103F-16F7-4668-BE54-9A1E7A4F7556}") = "Catalog.Architecture.Tests", "Tests\Catalog\Catalog.Architecture.Tests\Catalog.Architecture.Tests.csproj", "{31802593-C3D5-426D-B137-CD8E98E0522A}"
EndProject
Project("{9A19103F-16F7-4668-BE54-9A1E7A4F7556}") = "Employees.Tests", "Tests\Catalog\Catalog.Employee.Tests\Employees.Tests.csproj", "{D65D0282-3CDA-426D-B413-AF1E94323D2E}"
EndProject
Project("{2150E333-8FDC-42A3-9474-1A3956D46DE8}") = "Employees", "Employees", "{19D71994-9C09-4043-B564-42A7CB4E125F}"
EndProject
Project("{E53339B2-1760-4266-BCC7-CA923CBCF16C}") = "docker-compose", "docker-compose.dcproj", "{636B3A24-7534-4F7F-BE3F-932D12441375}"
EndProject
Global
	GlobalSection(SolutionConfigurationPlatforms) = preSolution
		Debug|Any CPU = Debug|Any CPU
		Release|Any CPU = Release|Any CPU
	EndGlobalSection
	GlobalSection(ProjectConfigurationPlatforms) = postSolution
		{D1DC2477-5001-49EB-8FFB-5F42C04E78A4}.Debug|Any CPU.ActiveCfg = Debug|Any CPU
		{D1DC2477-5001-49EB-8FFB-5F42C04E78A4}.Debug|Any CPU.Build.0 = Debug|Any CPU
		{D1DC2477-5001-49EB-8FFB-5F42C04E78A4}.Release|Any CPU.ActiveCfg = Release|Any CPU
		{D1DC2477-5001-49EB-8FFB-5F42C04E78A4}.Release|Any CPU.Build.0 = Release|Any CPU
		{F5E805D1-9DE2-4725-9277-E685538A0F4F}.Debug|Any CPU.ActiveCfg = Debug|Any CPU
		{F5E805D1-9DE2-4725-9277-E685538A0F4F}.Debug|Any CPU.Build.0 = Debug|Any CPU
		{F5E805D1-9DE2-4725-9277-E685538A0F4F}.Release|Any CPU.ActiveCfg = Release|Any CPU
		{F5E805D1-9DE2-4725-9277-E685538A0F4F}.Release|Any CPU.Build.0 = Release|Any CPU
		{DD87C775-531F-4C29-A702-11EFF9F6E63A}.Debug|Any CPU.ActiveCfg = Debug|Any CPU
		{DD87C775-531F-4C29-A702-11EFF9F6E63A}.Debug|Any CPU.Build.0 = Debug|Any CPU
		{DD87C775-531F-4C29-A702-11EFF9F6E63A}.Release|Any CPU.ActiveCfg = Release|Any CPU
		{DD87C775-531F-4C29-A702-11EFF9F6E63A}.Release|Any CPU.Build.0 = Release|Any CPU
		{8E2F7DA5-C812-4466-AFED-C4A454F5CD14}.Debug|Any CPU.ActiveCfg = Debug|Any CPU
		{8E2F7DA5-C812-4466-AFED-C4A454F5CD14}.Debug|Any CPU.Build.0 = Debug|Any CPU
		{8E2F7DA5-C812-4466-AFED-C4A454F5CD14}.Release|Any CPU.ActiveCfg = Release|Any CPU
		{8E2F7DA5-C812-4466-AFED-C4A454F5CD14}.Release|Any CPU.Build.0 = Release|Any CPU
		{BE3B0610-CB14-430C-8469-50CB14C17937}.Debug|Any CPU.ActiveCfg = Debug|Any CPU
		{BE3B0610-CB14-430C-8469-50CB14C17937}.Debug|Any CPU.Build.0 = Debug|Any CPU
		{BE3B0610-CB14-430C-8469-50CB14C17937}.Release|Any CPU.ActiveCfg = Release|Any CPU
		{BE3B0610-CB14-430C-8469-50CB14C17937}.Release|Any CPU.Build.0 = Release|Any CPU
		{FE95F29C-59F0-429D-A245-B1FE656A8179}.Debug|Any CPU.ActiveCfg = Debug|Any CPU
		{FE95F29C-59F0-429D-A245-B1FE656A8179}.Debug|Any CPU.Build.0 = Debug|Any CPU
		{FE95F29C-59F0-429D-A245-B1FE656A8179}.Release|Any CPU.ActiveCfg = Release|Any CPU
		{FE95F29C-59F0-429D-A245-B1FE656A8179}.Release|Any CPU.Build.0 = Release|Any CPU
		{55C91B48-71E8-494E-B5E0-9D63652B6ABB}.Debug|Any CPU.ActiveCfg = Debug|Any CPU
		{55C91B48-71E8-494E-B5E0-9D63652B6ABB}.Debug|Any CPU.Build.0 = Debug|Any CPU
		{55C91B48-71E8-494E-B5E0-9D63652B6ABB}.Release|Any CPU.ActiveCfg = Release|Any CPU
		{55C91B48-71E8-494E-B5E0-9D63652B6ABB}.Release|Any CPU.Build.0 = Release|Any CPU
		{6CFFFC3C-654E-4B2C-9261-DF7476AA336C}.Debug|Any CPU.ActiveCfg = Debug|Any CPU
		{6CFFFC3C-654E-4B2C-9261-DF7476AA336C}.Debug|Any CPU.Build.0 = Debug|Any CPU
		{6CFFFC3C-654E-4B2C-9261-DF7476AA336C}.Release|Any CPU.ActiveCfg = Release|Any CPU
		{6CFFFC3C-654E-4B2C-9261-DF7476AA336C}.Release|Any CPU.Build.0 = Release|Any CPU
		{8D78A2E5-5A90-4610-93E7-0AD3757CA2E5}.Debug|Any CPU.ActiveCfg = Debug|Any CPU
		{8D78A2E5-5A90-4610-93E7-0AD3757CA2E5}.Debug|Any CPU.Build.0 = Debug|Any CPU
		{8D78A2E5-5A90-4610-93E7-0AD3757CA2E5}.Release|Any CPU.ActiveCfg = Release|Any CPU
		{8D78A2E5-5A90-4610-93E7-0AD3757CA2E5}.Release|Any CPU.Build.0 = Release|Any CPU
		{F1B4C0DF-9EE0-4EE8-A187-DB94888591F0}.Debug|Any CPU.ActiveCfg = Debug|Any CPU
		{F1B4C0DF-9EE0-4EE8-A187-DB94888591F0}.Debug|Any CPU.Build.0 = Debug|Any CPU
		{F1B4C0DF-9EE0-4EE8-A187-DB94888591F0}.Release|Any CPU.ActiveCfg = Release|Any CPU
		{F1B4C0DF-9EE0-4EE8-A187-DB94888591F0}.Release|Any CPU.Build.0 = Release|Any CPU
		{0F234B9B-ECAC-4AE4-A69D-923DFFB3F815}.Debug|Any CPU.ActiveCfg = Debug|Any CPU
		{0F234B9B-ECAC-4AE4-A69D-923DFFB3F815}.Debug|Any CPU.Build.0 = Debug|Any CPU
		{0F234B9B-ECAC-4AE4-A69D-923DFFB3F815}.Release|Any CPU.ActiveCfg = Release|Any CPU
		{0F234B9B-ECAC-4AE4-A69D-923DFFB3F815}.Release|Any CPU.Build.0 = Release|Any CPU
		{1A68FCFD-D146-4EFB-B77A-BE868050A91F}.Debug|Any CPU.ActiveCfg = Debug|Any CPU
		{1A68FCFD-D146-4EFB-B77A-BE868050A91F}.Debug|Any CPU.Build.0 = Debug|Any CPU
		{1A68FCFD-D146-4EFB-B77A-BE868050A91F}.Release|Any CPU.ActiveCfg = Release|Any CPU
		{1A68FCFD-D146-4EFB-B77A-BE868050A91F}.Release|Any CPU.Build.0 = Release|Any CPU
		{695BD3B6-FEEF-43E0-A07E-76E75EA42C0D}.Debug|Any CPU.ActiveCfg = Debug|Any CPU
		{695BD3B6-FEEF-43E0-A07E-76E75EA42C0D}.Debug|Any CPU.Build.0 = Debug|Any CPU
		{695BD3B6-FEEF-43E0-A07E-76E75EA42C0D}.Release|Any CPU.ActiveCfg = Release|Any CPU
		{695BD3B6-FEEF-43E0-A07E-76E75EA42C0D}.Release|Any CPU.Build.0 = Release|Any CPU
		{77440048-2D87-409C-9516-9056F1B77F55}.Debug|Any CPU.ActiveCfg = Debug|Any CPU
		{77440048-2D87-409C-9516-9056F1B77F55}.Debug|Any CPU.Build.0 = Debug|Any CPU
		{77440048-2D87-409C-9516-9056F1B77F55}.Release|Any CPU.ActiveCfg = Release|Any CPU
		{77440048-2D87-409C-9516-9056F1B77F55}.Release|Any CPU.Build.0 = Release|Any CPU
		{F5B829D0-2B29-47F5-A606-394BE1160EF4}.Debug|Any CPU.ActiveCfg = Debug|Any CPU
		{F5B829D0-2B29-47F5-A606-394BE1160EF4}.Debug|Any CPU.Build.0 = Debug|Any CPU
		{F5B829D0-2B29-47F5-A606-394BE1160EF4}.Release|Any CPU.ActiveCfg = Release|Any CPU
		{F5B829D0-2B29-47F5-A606-394BE1160EF4}.Release|Any CPU.Build.0 = Release|Any CPU
		{8B1D1A5D-1B92-4021-92CD-99A27DDCAB99}.Debug|Any CPU.ActiveCfg = Debug|Any CPU
		{8B1D1A5D-1B92-4021-92CD-99A27DDCAB99}.Debug|Any CPU.Build.0 = Debug|Any CPU
		{8B1D1A5D-1B92-4021-92CD-99A27DDCAB99}.Release|Any CPU.ActiveCfg = Release|Any CPU
		{8B1D1A5D-1B92-4021-92CD-99A27DDCAB99}.Release|Any CPU.Build.0 = Release|Any CPU
		{31802593-C3D5-426D-B137-CD8E98E0522A}.Debug|Any CPU.ActiveCfg = Debug|Any CPU
		{31802593-C3D5-426D-B137-CD8E98E0522A}.Debug|Any CPU.Build.0 = Debug|Any CPU
		{31802593-C3D5-426D-B137-CD8E98E0522A}.Release|Any CPU.ActiveCfg = Release|Any CPU
		{31802593-C3D5-426D-B137-CD8E98E0522A}.Release|Any CPU.Build.0 = Release|Any CPU
		{D65D0282-3CDA-426D-B413-AF1E94323D2E}.Debug|Any CPU.ActiveCfg = Debug|Any CPU
		{D65D0282-3CDA-426D-B413-AF1E94323D2E}.Debug|Any CPU.Build.0 = Debug|Any CPU
		{D65D0282-3CDA-426D-B413-AF1E94323D2E}.Release|Any CPU.ActiveCfg = Release|Any CPU
		{D65D0282-3CDA-426D-B413-AF1E94323D2E}.Release|Any CPU.Build.0 = Release|Any CPU
		{636B3A24-7534-4F7F-BE3F-932D12441375}.Debug|Any CPU.ActiveCfg = Debug|Any CPU
		{636B3A24-7534-4F7F-BE3F-932D12441375}.Debug|Any CPU.Build.0 = Debug|Any CPU
		{636B3A24-7534-4F7F-BE3F-932D12441375}.Release|Any CPU.ActiveCfg = Release|Any CPU
		{636B3A24-7534-4F7F-BE3F-932D12441375}.Release|Any CPU.Build.0 = Release|Any CPU
	EndGlobalSection
	GlobalSection(SolutionProperties) = preSolution
		HideSolutionNode = FALSE
	EndGlobalSection
	GlobalSection(NestedProjects) = preSolution
		{BD324458-B7DC-471D-BB37-76994FD082D2} = {313B9F4C-982E-44BB-9B14-F97E2ABC220F}
		{D1DC2477-5001-49EB-8FFB-5F42C04E78A4} = {BD324458-B7DC-471D-BB37-76994FD082D2}
		{F5E805D1-9DE2-4725-9277-E685538A0F4F} = {BD324458-B7DC-471D-BB37-76994FD082D2}
		{DD87C775-531F-4C29-A702-11EFF9F6E63A} = {BD324458-B7DC-471D-BB37-76994FD082D2}
		{8E2F7DA5-C812-4466-AFED-C4A454F5CD14} = {85F8ECC0-3D60-4312-A07B-BC4251952F44}
		{BE3B0610-CB14-430C-8469-50CB14C17937} = {3A089807-914D-4594-87B9-ABDBE7FD7E95}
		{FE95F29C-59F0-429D-A245-B1FE656A8179} = {3A089807-914D-4594-87B9-ABDBE7FD7E95}
		{55C91B48-71E8-494E-B5E0-9D63652B6ABB} = {3A089807-914D-4594-87B9-ABDBE7FD7E95}
		{6CFFFC3C-654E-4B2C-9261-DF7476AA336C} = {BD324458-B7DC-471D-BB37-76994FD082D2}
		{E56C57D1-D8BF-47C8-B8E6-EC2BF75EE5FB} = {313B9F4C-982E-44BB-9B14-F97E2ABC220F}
		{8D78A2E5-5A90-4610-93E7-0AD3757CA2E5} = {E56C57D1-D8BF-47C8-B8E6-EC2BF75EE5FB}
		{F1B4C0DF-9EE0-4EE8-A187-DB94888591F0} = {E56C57D1-D8BF-47C8-B8E6-EC2BF75EE5FB}
		{0F234B9B-ECAC-4AE4-A69D-923DFFB3F815} = {E56C57D1-D8BF-47C8-B8E6-EC2BF75EE5FB}
		{1A68FCFD-D146-4EFB-B77A-BE868050A91F} = {E56C57D1-D8BF-47C8-B8E6-EC2BF75EE5FB}
		{DFF24361-DC80-4246-8466-5DB319DCFC96} = {313B9F4C-982E-44BB-9B14-F97E2ABC220F}
		{695BD3B6-FEEF-43E0-A07E-76E75EA42C0D} = {DFF24361-DC80-4246-8466-5DB319DCFC96}
		{77440048-2D87-409C-9516-9056F1B77F55} = {DFF24361-DC80-4246-8466-5DB319DCFC96}
		{F5B829D0-2B29-47F5-A606-394BE1160EF4} = {DFF24361-DC80-4246-8466-5DB319DCFC96}
		{8B1D1A5D-1B92-4021-92CD-99A27DDCAB99} = {DFF24361-DC80-4246-8466-5DB319DCFC96}
		{38F6860F-8277-490F-8A08-2374D8EEBE30} = {8FD86D0E-8053-4ADE-90DE-8916E1BA46BE}
		{31802593-C3D5-426D-B137-CD8E98E0522A} = {38F6860F-8277-490F-8A08-2374D8EEBE30}
		{D65D0282-3CDA-426D-B413-AF1E94323D2E} = {19D71994-9C09-4043-B564-42A7CB4E125F}
		{19D71994-9C09-4043-B564-42A7CB4E125F} = {8FD86D0E-8053-4ADE-90DE-8916E1BA46BE}
	EndGlobalSection
	GlobalSection(ExtensibilityGlobals) = postSolution
		SolutionGuid = {4AEE4BF4-CDAC-4BA4-A7F4-D4BC69076D71}
	EndGlobalSection
EndGlobal
